
Microsoft Visual Studio Solution File, Format Version 12.00
# Visual Studio Version 17
VisualStudioVersion = 17.5.002.0
MinimumVisualStudioVersion = 10.0.40219.1
Project("{9A19103F-16F7-4668-BE54-9A1E7A4F7556}") = "BurguermaniaAPI", "BurguermaniaAPI\BurguermaniaAPI.csproj", "{D54D54AC-E5BC-43A8-8F59-ADE2E43FF0DC}"
EndProject
Global
	GlobalSection(SolutionConfigurationPlatforms) = preSolution
		Debug|Any CPU = Debug|Any CPU
		Release|Any CPU = Release|Any CPU
	EndGlobalSection
	GlobalSection(ProjectConfigurationPlatforms) = postSolution
		{D54D54AC-E5BC-43A8-8F59-ADE2E43FF0DC}.Debug|Any CPU.ActiveCfg = Debug|Any CPU
		{D54D54AC-E5BC-43A8-8F59-ADE2E43FF0DC}.Debug|Any CPU.Build.0 = Debug|Any CPU
		{D54D54AC-E5BC-43A8-8F59-ADE2E43FF0DC}.Release|Any CPU.ActiveCfg = Release|Any CPU
		{D54D54AC-E5BC-43A8-8F59-ADE2E43FF0DC}.Release|Any CPU.Build.0 = Release|Any CPU
	EndGlobalSection
	GlobalSection(SolutionProperties) = preSolution
		HideSolutionNode = FALSE
	EndGlobalSection
	GlobalSection(ExtensibilityGlobals) = postSolution
		SolutionGuid = {C73761BA-FA11-43B8-ABC9-7E55C6C1D280}
	EndGlobalSection
EndGlobal
